// !$*UTF8*$!
{
	archiveVersion = 1;
	classes = {
	};
	objectVersion = 50;
	objects = {

/* Begin PBXBuildFile section */
		32FD59215F7C391786E279B6 /* Pods_Cookivan.framework in Frameworks */ = {isa = PBXBuildFile; fileRef = A9FA32DC4E11F46B33468EB9 /* Pods_Cookivan.framework */; };
		38094A5B0415B1972BA55390 /* Pods_CookivanUITests.framework in Frameworks */ = {isa = PBXBuildFile; fileRef = F1616E46CDBC02C295E469C7 /* Pods_CookivanUITests.framework */; };
		5817625122DDC13400425AD9 /* User.swift in Sources */ = {isa = PBXBuildFile; fileRef = 5817625022DDC13400425AD9 /* User.swift */; };
		5817625322DDC62900425AD9 /* Extensions.swift in Sources */ = {isa = PBXBuildFile; fileRef = 5817625222DDC62900425AD9 /* Extensions.swift */; };
		587A505922DB14610010781F /* AppDelegate.swift in Sources */ = {isa = PBXBuildFile; fileRef = 587A505822DB14610010781F /* AppDelegate.swift */; };
		587A505B22DB14610010781F /* LoginVC.swift in Sources */ = {isa = PBXBuildFile; fileRef = 587A505A22DB14610010781F /* LoginVC.swift */; };
		587A505E22DB14610010781F /* Main.storyboard in Resources */ = {isa = PBXBuildFile; fileRef = 587A505C22DB14610010781F /* Main.storyboard */; };
		587A506022DB14620010781F /* Assets.xcassets in Resources */ = {isa = PBXBuildFile; fileRef = 587A505F22DB14620010781F /* Assets.xcassets */; };
		587A506322DB14620010781F /* LaunchScreen.storyboard in Resources */ = {isa = PBXBuildFile; fileRef = 587A506122DB14620010781F /* LaunchScreen.storyboard */; };
		587A506E22DB14620010781F /* CookivanTests.swift in Sources */ = {isa = PBXBuildFile; fileRef = 587A506D22DB14620010781F /* CookivanTests.swift */; };
		587A507922DB14620010781F /* CookivanUITests.swift in Sources */ = {isa = PBXBuildFile; fileRef = 587A507822DB14620010781F /* CookivanUITests.swift */; };
		587A508A22DB1F410010781F /* GoogleService-Info.plist in Resources */ = {isa = PBXBuildFile; fileRef = 587A508922DB1F410010781F /* GoogleService-Info.plist */; };
		58CF756522DC79A600729617 /* RegistrationVC.swift in Sources */ = {isa = PBXBuildFile; fileRef = 58CF756422DC79A600729617 /* RegistrationVC.swift */; };
		58CF756722DC8CC000729617 /* OpenSans-Regular.ttf in Resources */ = {isa = PBXBuildFile; fileRef = 58CF756622DC8CC000729617 /* OpenSans-Regular.ttf */; };
		58CF756C22DCA19300729617 /* RoundedViews.swift in Sources */ = {isa = PBXBuildFile; fileRef = 58CF756B22DCA19300729617 /* RoundedViews.swift */; };
		58CF757122DCC6F700729617 /* Constants.swift in Sources */ = {isa = PBXBuildFile; fileRef = 58CF757022DCC6F700729617 /* Constants.swift */; };
		BD42FF25B890F5E2C5D9AA2A /* Pods_CookivanTests.framework in Frameworks */ = {isa = PBXBuildFile; fileRef = 623D1646618774E521C2E0D8 /* Pods_CookivanTests.framework */; };
/* End PBXBuildFile section */

/* Begin PBXContainerItemProxy section */
		587A506A22DB14620010781F /* PBXContainerItemProxy */ = {
			isa = PBXContainerItemProxy;
			containerPortal = 587A504D22DB14600010781F /* Project object */;
			proxyType = 1;
			remoteGlobalIDString = 587A505422DB14600010781F;
			remoteInfo = Cookivan;
		};
		587A507522DB14620010781F /* PBXContainerItemProxy */ = {
			isa = PBXContainerItemProxy;
			containerPortal = 587A504D22DB14600010781F /* Project object */;
			proxyType = 1;
			remoteGlobalIDString = 587A505422DB14600010781F;
			remoteInfo = Cookivan;
		};
/* End PBXContainerItemProxy section */

/* Begin PBXFileReference section */
		3DF7ACEF5E4F4BABEC23C5DE /* Pods-CookivanUITests.debug.xcconfig */ = {isa = PBXFileReference; includeInIndex = 1; lastKnownFileType = text.xcconfig; name = "Pods-CookivanUITests.debug.xcconfig"; path = "Pods/Target Support Files/Pods-CookivanUITests/Pods-CookivanUITests.debug.xcconfig"; sourceTree = "<group>"; };
		4AF2B2CAD49453F6D5568EF2 /* Pods-Cookivan.release.xcconfig */ = {isa = PBXFileReference; includeInIndex = 1; lastKnownFileType = text.xcconfig; name = "Pods-Cookivan.release.xcconfig"; path = "Pods/Target Support Files/Pods-Cookivan/Pods-Cookivan.release.xcconfig"; sourceTree = "<group>"; };
		5817625022DDC13400425AD9 /* User.swift */ = {isa = PBXFileReference; lastKnownFileType = sourcecode.swift; path = User.swift; sourceTree = "<group>"; };
		5817625222DDC62900425AD9 /* Extensions.swift */ = {isa = PBXFileReference; lastKnownFileType = sourcecode.swift; path = Extensions.swift; sourceTree = "<group>"; };
		587A505522DB14600010781F /* Cookivan.app */ = {isa = PBXFileReference; explicitFileType = wrapper.application; includeInIndex = 0; path = Cookivan.app; sourceTree = BUILT_PRODUCTS_DIR; };
		587A505822DB14610010781F /* AppDelegate.swift */ = {isa = PBXFileReference; lastKnownFileType = sourcecode.swift; path = AppDelegate.swift; sourceTree = "<group>"; };
		587A505A22DB14610010781F /* LoginVC.swift */ = {isa = PBXFileReference; lastKnownFileType = sourcecode.swift; path = LoginVC.swift; sourceTree = "<group>"; };
		587A505D22DB14610010781F /* Base */ = {isa = PBXFileReference; lastKnownFileType = file.storyboard; name = Base; path = Base.lproj/Main.storyboard; sourceTree = "<group>"; };
		587A505F22DB14620010781F /* Assets.xcassets */ = {isa = PBXFileReference; lastKnownFileType = folder.assetcatalog; path = Assets.xcassets; sourceTree = "<group>"; };
		587A506222DB14620010781F /* Base */ = {isa = PBXFileReference; lastKnownFileType = file.storyboard; name = Base; path = Base.lproj/LaunchScreen.storyboard; sourceTree = "<group>"; };
		587A506422DB14620010781F /* Info.plist */ = {isa = PBXFileReference; lastKnownFileType = text.plist.xml; path = Info.plist; sourceTree = "<group>"; };
		587A506922DB14620010781F /* CookivanTests.xctest */ = {isa = PBXFileReference; explicitFileType = wrapper.cfbundle; includeInIndex = 0; path = CookivanTests.xctest; sourceTree = BUILT_PRODUCTS_DIR; };
		587A506D22DB14620010781F /* CookivanTests.swift */ = {isa = PBXFileReference; lastKnownFileType = sourcecode.swift; path = CookivanTests.swift; sourceTree = "<group>"; };
		587A506F22DB14620010781F /* Info.plist */ = {isa = PBXFileReference; lastKnownFileType = text.plist.xml; path = Info.plist; sourceTree = "<group>"; };
		587A507422DB14620010781F /* CookivanUITests.xctest */ = {isa = PBXFileReference; explicitFileType = wrapper.cfbundle; includeInIndex = 0; path = CookivanUITests.xctest; sourceTree = BUILT_PRODUCTS_DIR; };
		587A507822DB14620010781F /* CookivanUITests.swift */ = {isa = PBXFileReference; lastKnownFileType = sourcecode.swift; path = CookivanUITests.swift; sourceTree = "<group>"; };
		587A507A22DB14620010781F /* Info.plist */ = {isa = PBXFileReference; lastKnownFileType = text.plist.xml; path = Info.plist; sourceTree = "<group>"; };
		587A508922DB1F410010781F /* GoogleService-Info.plist */ = {isa = PBXFileReference; fileEncoding = 4; lastKnownFileType = text.plist.xml; path = "GoogleService-Info.plist"; sourceTree = "<group>"; };
		58CF756422DC79A600729617 /* RegistrationVC.swift */ = {isa = PBXFileReference; lastKnownFileType = sourcecode.swift; path = RegistrationVC.swift; sourceTree = "<group>"; };
		58CF756622DC8CC000729617 /* OpenSans-Regular.ttf */ = {isa = PBXFileReference; lastKnownFileType = file; path = "OpenSans-Regular.ttf"; sourceTree = "<group>"; };
		58CF756822DC8CD000729617 /* OpenSans-SemiBold.ttf */ = {isa = PBXFileReference; lastKnownFileType = file; path = "OpenSans-SemiBold.ttf"; sourceTree = "<group>"; };
		58CF756B22DCA19300729617 /* RoundedViews.swift */ = {isa = PBXFileReference; lastKnownFileType = sourcecode.swift; path = RoundedViews.swift; sourceTree = "<group>"; };
		58CF757022DCC6F700729617 /* Constants.swift */ = {isa = PBXFileReference; lastKnownFileType = sourcecode.swift; path = Constants.swift; sourceTree = "<group>"; };
		5ADEEE16A48CE6636160E159 /* Pods-CookivanTests.release.xcconfig */ = {isa = PBXFileReference; includeInIndex = 1; lastKnownFileType = text.xcconfig; name = "Pods-CookivanTests.release.xcconfig"; path = "Pods/Target Support Files/Pods-CookivanTests/Pods-CookivanTests.release.xcconfig"; sourceTree = "<group>"; };
		623D1646618774E521C2E0D8 /* Pods_CookivanTests.framework */ = {isa = PBXFileReference; explicitFileType = wrapper.framework; includeInIndex = 0; path = Pods_CookivanTests.framework; sourceTree = BUILT_PRODUCTS_DIR; };
		A904FF7F43AE016EF6B5E3DC /* Pods-Cookivan.debug.xcconfig */ = {isa = PBXFileReference; includeInIndex = 1; lastKnownFileType = text.xcconfig; name = "Pods-Cookivan.debug.xcconfig"; path = "Pods/Target Support Files/Pods-Cookivan/Pods-Cookivan.debug.xcconfig"; sourceTree = "<group>"; };
		A9FA32DC4E11F46B33468EB9 /* Pods_Cookivan.framework */ = {isa = PBXFileReference; explicitFileType = wrapper.framework; includeInIndex = 0; path = Pods_Cookivan.framework; sourceTree = BUILT_PRODUCTS_DIR; };
		AD2B47C286B3287C3D9E9C13 /* Pods-CookivanUITests.release.xcconfig */ = {isa = PBXFileReference; includeInIndex = 1; lastKnownFileType = text.xcconfig; name = "Pods-CookivanUITests.release.xcconfig"; path = "Pods/Target Support Files/Pods-CookivanUITests/Pods-CookivanUITests.release.xcconfig"; sourceTree = "<group>"; };
		F1383F012B0EE7D24F5650A9 /* Pods-CookivanTests.debug.xcconfig */ = {isa = PBXFileReference; includeInIndex = 1; lastKnownFileType = text.xcconfig; name = "Pods-CookivanTests.debug.xcconfig"; path = "Pods/Target Support Files/Pods-CookivanTests/Pods-CookivanTests.debug.xcconfig"; sourceTree = "<group>"; };
		F1616E46CDBC02C295E469C7 /* Pods_CookivanUITests.framework */ = {isa = PBXFileReference; explicitFileType = wrapper.framework; includeInIndex = 0; path = Pods_CookivanUITests.framework; sourceTree = BUILT_PRODUCTS_DIR; };
/* End PBXFileReference section */

/* Begin PBXFrameworksBuildPhase section */
		587A505222DB14600010781F /* Frameworks */ = {
			isa = PBXFrameworksBuildPhase;
			buildActionMask = 2147483647;
			files = (
				32FD59215F7C391786E279B6 /* Pods_Cookivan.framework in Frameworks */,
			);
			runOnlyForDeploymentPostprocessing = 0;
		};
		587A506622DB14620010781F /* Frameworks */ = {
			isa = PBXFrameworksBuildPhase;
			buildActionMask = 2147483647;
			files = (
				BD42FF25B890F5E2C5D9AA2A /* Pods_CookivanTests.framework in Frameworks */,
			);
			runOnlyForDeploymentPostprocessing = 0;
		};
		587A507122DB14620010781F /* Frameworks */ = {
			isa = PBXFrameworksBuildPhase;
			buildActionMask = 2147483647;
			files = (
				38094A5B0415B1972BA55390 /* Pods_CookivanUITests.framework in Frameworks */,
			);
			runOnlyForDeploymentPostprocessing = 0;
		};
/* End PBXFrameworksBuildPhase section */

/* Begin PBXGroup section */
		587A504C22DB14600010781F = {
			isa = PBXGroup;
			children = (
				587A505722DB14600010781F /* Cookivan */,
				587A506C22DB14620010781F /* CookivanTests */,
				587A507722DB14620010781F /* CookivanUITests */,
				587A505622DB14600010781F /* Products */,
				E0DFA8F1097437EEB51978A2 /* Pods */,
				940A76CA91B74B2AF9557703 /* Frameworks */,
			);
			sourceTree = "<group>";
		};
		587A505622DB14600010781F /* Products */ = {
			isa = PBXGroup;
			children = (
				587A505522DB14600010781F /* Cookivan.app */,
				587A506922DB14620010781F /* CookivanTests.xctest */,
				587A507422DB14620010781F /* CookivanUITests.xctest */,
			);
			name = Products;
			sourceTree = "<group>";
		};
		587A505722DB14600010781F /* Cookivan */ = {
			isa = PBXGroup;
			children = (
				587A508622DB148E0010781F /* Model */,
				587A508722DB14A30010781F /* View */,
				587A508822DB14AD0010781F /* Controller */,
				58CF756D22DCB55A00729617 /* Storyboards */,
				58CF756F22DCC6D600729617 /* Utils */,
				58CF756E22DCC6A600729617 /* Fonts */,
				587A505822DB14610010781F /* AppDelegate.swift */,
				587A506422DB14620010781F /* Info.plist */,
				587A508922DB1F410010781F /* GoogleService-Info.plist */,
			);
			path = Cookivan;
			sourceTree = "<group>";
		};
		587A506C22DB14620010781F /* CookivanTests */ = {
			isa = PBXGroup;
			children = (
				587A506D22DB14620010781F /* CookivanTests.swift */,
				587A506F22DB14620010781F /* Info.plist */,
			);
			path = CookivanTests;
			sourceTree = "<group>";
		};
		587A507722DB14620010781F /* CookivanUITests */ = {
			isa = PBXGroup;
			children = (
				587A507822DB14620010781F /* CookivanUITests.swift */,
				587A507A22DB14620010781F /* Info.plist */,
			);
			path = CookivanUITests;
			sourceTree = "<group>";
		};
		587A508622DB148E0010781F /* Model */ = {
			isa = PBXGroup;
			children = (
				5817625022DDC13400425AD9 /* User.swift */,
			);
			path = Model;
			sourceTree = "<group>";
		};
		587A508722DB14A30010781F /* View */ = {
			isa = PBXGroup;
			children = (
				587A505F22DB14620010781F /* Assets.xcassets */,
				58CF756B22DCA19300729617 /* RoundedViews.swift */,
			);
			path = View;
			sourceTree = "<group>";
		};
		587A508822DB14AD0010781F /* Controller */ = {
			isa = PBXGroup;
			children = (
				587A505A22DB14610010781F /* LoginVC.swift */,
				58CF756422DC79A600729617 /* RegistrationVC.swift */,
			);
			path = Controller;
			sourceTree = "<group>";
		};
		58CF756D22DCB55A00729617 /* Storyboards */ = {
			isa = PBXGroup;
			children = (
				587A505C22DB14610010781F /* Main.storyboard */,
				587A506122DB14620010781F /* LaunchScreen.storyboard */,
			);
			path = Storyboards;
			sourceTree = "<group>";
		};
		58CF756E22DCC6A600729617 /* Fonts */ = {
			isa = PBXGroup;
			children = (
				58CF756822DC8CD000729617 /* OpenSans-SemiBold.ttf */,
				58CF756622DC8CC000729617 /* OpenSans-Regular.ttf */,
			);
			path = Fonts;
			sourceTree = "<group>";
		};
		58CF756F22DCC6D600729617 /* Utils */ = {
			isa = PBXGroup;
			children = (
				58CF757022DCC6F700729617 /* Constants.swift */,
				5817625222DDC62900425AD9 /* Extensions.swift */,
			);
			path = Utils;
			sourceTree = "<group>";
		};
		940A76CA91B74B2AF9557703 /* Frameworks */ = {
			isa = PBXGroup;
			children = (
				A9FA32DC4E11F46B33468EB9 /* Pods_Cookivan.framework */,
				623D1646618774E521C2E0D8 /* Pods_CookivanTests.framework */,
				F1616E46CDBC02C295E469C7 /* Pods_CookivanUITests.framework */,
			);
			name = Frameworks;
			sourceTree = "<group>";
		};
		E0DFA8F1097437EEB51978A2 /* Pods */ = {
			isa = PBXGroup;
			children = (
				A904FF7F43AE016EF6B5E3DC /* Pods-Cookivan.debug.xcconfig */,
				4AF2B2CAD49453F6D5568EF2 /* Pods-Cookivan.release.xcconfig */,
				F1383F012B0EE7D24F5650A9 /* Pods-CookivanTests.debug.xcconfig */,
				5ADEEE16A48CE6636160E159 /* Pods-CookivanTests.release.xcconfig */,
				3DF7ACEF5E4F4BABEC23C5DE /* Pods-CookivanUITests.debug.xcconfig */,
				AD2B47C286B3287C3D9E9C13 /* Pods-CookivanUITests.release.xcconfig */,
			);
			name = Pods;
			sourceTree = "<group>";
		};
/* End PBXGroup section */

/* Begin PBXNativeTarget section */
		587A505422DB14600010781F /* Cookivan */ = {
			isa = PBXNativeTarget;
			buildConfigurationList = 587A507D22DB14620010781F /* Build configuration list for PBXNativeTarget "Cookivan" */;
			buildPhases = (
				AC5DF88E85EA0EE920FFF6B0 /* [CP] Check Pods Manifest.lock */,
				587A505122DB14600010781F /* Sources */,
				587A505222DB14600010781F /* Frameworks */,
				587A505322DB14600010781F /* Resources */,
				573E7C1C2DBECE39B983AEF1 /* [CP] Embed Pods Frameworks */,
			);
			buildRules = (
			);
			dependencies = (
			);
			name = Cookivan;
			productName = Cookivan;
			productReference = 587A505522DB14600010781F /* Cookivan.app */;
			productType = "com.apple.product-type.application";
		};
		587A506822DB14620010781F /* CookivanTests */ = {
			isa = PBXNativeTarget;
			buildConfigurationList = 587A508022DB14620010781F /* Build configuration list for PBXNativeTarget "CookivanTests" */;
			buildPhases = (
				448B42BD0BD9262C228D14FE /* [CP] Check Pods Manifest.lock */,
				587A506522DB14620010781F /* Sources */,
				587A506622DB14620010781F /* Frameworks */,
				587A506722DB14620010781F /* Resources */,
			);
			buildRules = (
			);
			dependencies = (
				587A506B22DB14620010781F /* PBXTargetDependency */,
			);
			name = CookivanTests;
			productName = CookivanTests;
			productReference = 587A506922DB14620010781F /* CookivanTests.xctest */;
			productType = "com.apple.product-type.bundle.unit-test";
		};
		587A507322DB14620010781F /* CookivanUITests */ = {
			isa = PBXNativeTarget;
			buildConfigurationList = 587A508322DB14620010781F /* Build configuration list for PBXNativeTarget "CookivanUITests" */;
			buildPhases = (
				3D014C90BFF70DE3E42AA572 /* [CP] Check Pods Manifest.lock */,
				587A507022DB14620010781F /* Sources */,
				587A507122DB14620010781F /* Frameworks */,
				587A507222DB14620010781F /* Resources */,
			);
			buildRules = (
			);
			dependencies = (
				587A507622DB14620010781F /* PBXTargetDependency */,
			);
			name = CookivanUITests;
			productName = CookivanUITests;
			productReference = 587A507422DB14620010781F /* CookivanUITests.xctest */;
			productType = "com.apple.product-type.bundle.ui-testing";
		};
/* End PBXNativeTarget section */

/* Begin PBXProject section */
		587A504D22DB14600010781F /* Project object */ = {
			isa = PBXProject;
			attributes = {
				LastSwiftUpdateCheck = 1020;
				LastUpgradeCheck = 1020;
				ORGANIZATIONNAME = "Angelina Friz";
				TargetAttributes = {
					587A505422DB14600010781F = {
						CreatedOnToolsVersion = 10.2.1;
					};
					587A506822DB14620010781F = {
						CreatedOnToolsVersion = 10.2.1;
						TestTargetID = 587A505422DB14600010781F;
					};
					587A507322DB14620010781F = {
						CreatedOnToolsVersion = 10.2.1;
						TestTargetID = 587A505422DB14600010781F;
					};
				};
			};
			buildConfigurationList = 587A505022DB14600010781F /* Build configuration list for PBXProject "Cookivan" */;
			compatibilityVersion = "Xcode 9.3";
			developmentRegion = en;
			hasScannedForEncodings = 0;
			knownRegions = (
				en,
				Base,
			);
			mainGroup = 587A504C22DB14600010781F;
			productRefGroup = 587A505622DB14600010781F /* Products */;
			projectDirPath = "";
			projectRoot = "";
			targets = (
				587A505422DB14600010781F /* Cookivan */,
				587A506822DB14620010781F /* CookivanTests */,
				587A507322DB14620010781F /* CookivanUITests */,
			);
		};
/* End PBXProject section */

/* Begin PBXResourcesBuildPhase section */
		587A505322DB14600010781F /* Resources */ = {
			isa = PBXResourcesBuildPhase;
			buildActionMask = 2147483647;
			files = (
				58CF756722DC8CC000729617 /* OpenSans-Regular.ttf in Resources */,
				587A506322DB14620010781F /* LaunchScreen.storyboard in Resources */,
				587A506022DB14620010781F /* Assets.xcassets in Resources */,
				587A508A22DB1F410010781F /* GoogleService-Info.plist in Resources */,
				587A505E22DB14610010781F /* Main.storyboard in Resources */,
			);
			runOnlyForDeploymentPostprocessing = 0;
		};
		587A506722DB14620010781F /* Resources */ = {
			isa = PBXResourcesBuildPhase;
			buildActionMask = 2147483647;
			files = (
			);
			runOnlyForDeploymentPostprocessing = 0;
		};
		587A507222DB14620010781F /* Resources */ = {
			isa = PBXResourcesBuildPhase;
			buildActionMask = 2147483647;
			files = (
			);
			runOnlyForDeploymentPostprocessing = 0;
		};
/* End PBXResourcesBuildPhase section */

/* Begin PBXShellScriptBuildPhase section */
		3D014C90BFF70DE3E42AA572 /* [CP] Check Pods Manifest.lock */ = {
			isa = PBXShellScriptBuildPhase;
			buildActionMask = 2147483647;
			files = (
			);
			inputPaths = (
				"${PODS_PODFILE_DIR_PATH}/Podfile.lock",
				"${PODS_ROOT}/Manifest.lock",
			);
			name = "[CP] Check Pods Manifest.lock";
			outputPaths = (
				"$(DERIVED_FILE_DIR)/Pods-CookivanUITests-checkManifestLockResult.txt",
			);
			runOnlyForDeploymentPostprocessing = 0;
			shellPath = /bin/sh;
			shellScript = "diff \"${PODS_PODFILE_DIR_PATH}/Podfile.lock\" \"${PODS_ROOT}/Manifest.lock\" > /dev/null\nif [ $? != 0 ] ; then\n    # print error to STDERR\n    echo \"error: The sandbox is not in sync with the Podfile.lock. Run 'pod install' or update your CocoaPods installation.\" >&2\n    exit 1\nfi\n# This output is used by Xcode 'outputs' to avoid re-running this script phase.\necho \"SUCCESS\" > \"${SCRIPT_OUTPUT_FILE_0}\"\n";
			showEnvVarsInLog = 0;
		};
		448B42BD0BD9262C228D14FE /* [CP] Check Pods Manifest.lock */ = {
			isa = PBXShellScriptBuildPhase;
			buildActionMask = 2147483647;
			files = (
			);
			inputPaths = (
				"${PODS_PODFILE_DIR_PATH}/Podfile.lock",
				"${PODS_ROOT}/Manifest.lock",
			);
			name = "[CP] Check Pods Manifest.lock";
			outputPaths = (
				"$(DERIVED_FILE_DIR)/Pods-CookivanTests-checkManifestLockResult.txt",
			);
			runOnlyForDeploymentPostprocessing = 0;
			shellPath = /bin/sh;
			shellScript = "diff \"${PODS_PODFILE_DIR_PATH}/Podfile.lock\" \"${PODS_ROOT}/Manifest.lock\" > /dev/null\nif [ $? != 0 ] ; then\n    # print error to STDERR\n    echo \"error: The sandbox is not in sync with the Podfile.lock. Run 'pod install' or update your CocoaPods installation.\" >&2\n    exit 1\nfi\n# This output is used by Xcode 'outputs' to avoid re-running this script phase.\necho \"SUCCESS\" > \"${SCRIPT_OUTPUT_FILE_0}\"\n";
			showEnvVarsInLog = 0;
		};
		573E7C1C2DBECE39B983AEF1 /* [CP] Embed Pods Frameworks */ = {
			isa = PBXShellScriptBuildPhase;
			buildActionMask = 2147483647;
			files = (
			);
			inputPaths = (
				"${SRCROOT}/Pods/Target Support Files/Pods-Cookivan/Pods-Cookivan-frameworks.sh",
				"${BUILT_PRODUCTS_DIR}/GoogleUtilities/GoogleUtilities.framework",
				"${BUILT_PRODUCTS_DIR}/IQKeyboardManagerSwift/IQKeyboardManagerSwift.framework",
				"${BUILT_PRODUCTS_DIR}/nanopb/nanopb.framework",
			);
			name = "[CP] Embed Pods Frameworks";
			outputPaths = (
				"${TARGET_BUILD_DIR}/${FRAMEWORKS_FOLDER_PATH}/GoogleUtilities.framework",
				"${TARGET_BUILD_DIR}/${FRAMEWORKS_FOLDER_PATH}/IQKeyboardManagerSwift.framework",
				"${TARGET_BUILD_DIR}/${FRAMEWORKS_FOLDER_PATH}/nanopb.framework",
			);
			runOnlyForDeploymentPostprocessing = 0;
			shellPath = /bin/sh;
			shellScript = "\"${SRCROOT}/Pods/Target Support Files/Pods-Cookivan/Pods-Cookivan-frameworks.sh\"\n";
			showEnvVarsInLog = 0;
		};
		AC5DF88E85EA0EE920FFF6B0 /* [CP] Check Pods Manifest.lock */ = {
			isa = PBXShellScriptBuildPhase;
			buildActionMask = 2147483647;
			files = (
			);
			inputPaths = (
				"${PODS_PODFILE_DIR_PATH}/Podfile.lock",
				"${PODS_ROOT}/Manifest.lock",
			);
			name = "[CP] Check Pods Manifest.lock";
			outputPaths = (
				"$(DERIVED_FILE_DIR)/Pods-Cookivan-checkManifestLockResult.txt",
			);
			runOnlyForDeploymentPostprocessing = 0;
			shellPath = /bin/sh;
			shellScript = "diff \"${PODS_PODFILE_DIR_PATH}/Podfile.lock\" \"${PODS_ROOT}/Manifest.lock\" > /dev/null\nif [ $? != 0 ] ; then\n    # print error to STDERR\n    echo \"error: The sandbox is not in sync with the Podfile.lock. Run 'pod install' or update your CocoaPods installation.\" >&2\n    exit 1\nfi\n# This output is used by Xcode 'outputs' to avoid re-running this script phase.\necho \"SUCCESS\" > \"${SCRIPT_OUTPUT_FILE_0}\"\n";
			showEnvVarsInLog = 0;
		};
/* End PBXShellScriptBuildPhase section */

/* Begin PBXSourcesBuildPhase section */
		587A505122DB14600010781F /* Sources */ = {
			isa = PBXSourcesBuildPhase;
			buildActionMask = 2147483647;
			files = (
				58CF756C22DCA19300729617 /* RoundedViews.swift in Sources */,
				587A505B22DB14610010781F /* LoginVC.swift in Sources */,
				5817625122DDC13400425AD9 /* User.swift in Sources */,
				58CF757122DCC6F700729617 /* Constants.swift in Sources */,
				58CF756522DC79A600729617 /* RegistrationVC.swift in Sources */,
				587A505922DB14610010781F /* AppDelegate.swift in Sources */,
				5817625322DDC62900425AD9 /* Extensions.swift in Sources */,
			);
			runOnlyForDeploymentPostprocessing = 0;
		};
		587A506522DB14620010781F /* Sources */ = {
			isa = PBXSourcesBuildPhase;
			buildActionMask = 2147483647;
			files = (
				587A506E22DB14620010781F /* CookivanTests.swift in Sources */,
			);
			runOnlyForDeploymentPostprocessing = 0;
		};
		587A507022DB14620010781F /* Sources */ = {
			isa = PBXSourcesBuildPhase;
			buildActionMask = 2147483647;
			files = (
				587A507922DB14620010781F /* CookivanUITests.swift in Sources */,
			);
			runOnlyForDeploymentPostprocessing = 0;
		};
/* End PBXSourcesBuildPhase section */

/* Begin PBXTargetDependency section */
		587A506B22DB14620010781F /* PBXTargetDependency */ = {
			isa = PBXTargetDependency;
			target = 587A505422DB14600010781F /* Cookivan */;
			targetProxy = 587A506A22DB14620010781F /* PBXContainerItemProxy */;
		};
		587A507622DB14620010781F /* PBXTargetDependency */ = {
			isa = PBXTargetDependency;
			target = 587A505422DB14600010781F /* Cookivan */;
			targetProxy = 587A507522DB14620010781F /* PBXContainerItemProxy */;
		};
/* End PBXTargetDependency section */

/* Begin PBXVariantGroup section */
		587A505C22DB14610010781F /* Main.storyboard */ = {
			isa = PBXVariantGroup;
			children = (
				587A505D22DB14610010781F /* Base */,
			);
			name = Main.storyboard;
			sourceTree = "<group>";
		};
		587A506122DB14620010781F /* LaunchScreen.storyboard */ = {
			isa = PBXVariantGroup;
			children = (
				587A506222DB14620010781F /* Base */,
			);
			name = LaunchScreen.storyboard;
			sourceTree = "<group>";
		};
/* End PBXVariantGroup section */

/* Begin XCBuildConfiguration section */
		587A507B22DB14620010781F /* Debug */ = {
			isa = XCBuildConfiguration;
			buildSettings = {
				ALWAYS_SEARCH_USER_PATHS = NO;
				CLANG_ANALYZER_NONNULL = YES;
				CLANG_ANALYZER_NUMBER_OBJECT_CONVERSION = YES_AGGRESSIVE;
				CLANG_CXX_LANGUAGE_STANDARD = "gnu++14";
				CLANG_CXX_LIBRARY = "libc++";
				CLANG_ENABLE_MODULES = YES;
				CLANG_ENABLE_OBJC_ARC = YES;
				CLANG_ENABLE_OBJC_WEAK = YES;
				CLANG_WARN_BLOCK_CAPTURE_AUTORELEASING = YES;
				CLANG_WARN_BOOL_CONVERSION = YES;
				CLANG_WARN_COMMA = YES;
				CLANG_WARN_CONSTANT_CONVERSION = YES;
				CLANG_WARN_DEPRECATED_OBJC_IMPLEMENTATIONS = YES;
				CLANG_WARN_DIRECT_OBJC_ISA_USAGE = YES_ERROR;
				CLANG_WARN_DOCUMENTATION_COMMENTS = YES;
				CLANG_WARN_EMPTY_BODY = YES;
				CLANG_WARN_ENUM_CONVERSION = YES;
				CLANG_WARN_INFINITE_RECURSION = YES;
				CLANG_WARN_INT_CONVERSION = YES;
				CLANG_WARN_NON_LITERAL_NULL_CONVERSION = YES;
				CLANG_WARN_OBJC_IMPLICIT_RETAIN_SELF = YES;
				CLANG_WARN_OBJC_LITERAL_CONVERSION = YES;
				CLANG_WARN_OBJC_ROOT_CLASS = YES_ERROR;
				CLANG_WARN_RANGE_LOOP_ANALYSIS = YES;
				CLANG_WARN_STRICT_PROTOTYPES = YES;
				CLANG_WARN_SUSPICIOUS_MOVE = YES;
				CLANG_WARN_UNGUARDED_AVAILABILITY = YES_AGGRESSIVE;
				CLANG_WARN_UNREACHABLE_CODE = YES;
				CLANG_WARN__DUPLICATE_METHOD_MATCH = YES;
				CODE_SIGN_IDENTITY = "iPhone Developer";
				COPY_PHASE_STRIP = NO;
				DEBUG_INFORMATION_FORMAT = dwarf;
				ENABLE_STRICT_OBJC_MSGSEND = YES;
				ENABLE_TESTABILITY = YES;
				GCC_C_LANGUAGE_STANDARD = gnu11;
				GCC_DYNAMIC_NO_PIC = NO;
				GCC_NO_COMMON_BLOCKS = YES;
				GCC_OPTIMIZATION_LEVEL = 0;
				GCC_PREPROCESSOR_DEFINITIONS = (
					"DEBUG=1",
					"$(inherited)",
				);
				GCC_WARN_64_TO_32_BIT_CONVERSION = YES;
				GCC_WARN_ABOUT_RETURN_TYPE = YES_ERROR;
				GCC_WARN_UNDECLARED_SELECTOR = YES;
				GCC_WARN_UNINITIALIZED_AUTOS = YES_AGGRESSIVE;
				GCC_WARN_UNUSED_FUNCTION = YES;
				GCC_WARN_UNUSED_VARIABLE = YES;
				IPHONEOS_DEPLOYMENT_TARGET = 12.2;
				MTL_ENABLE_DEBUG_INFO = INCLUDE_SOURCE;
				MTL_FAST_MATH = YES;
				ONLY_ACTIVE_ARCH = YES;
				SDKROOT = iphoneos;
				SWIFT_ACTIVE_COMPILATION_CONDITIONS = DEBUG;
				SWIFT_OPTIMIZATION_LEVEL = "-Onone";
			};
			name = Debug;
		};
		587A507C22DB14620010781F /* Release */ = {
			isa = XCBuildConfiguration;
			buildSettings = {
				ALWAYS_SEARCH_USER_PATHS = NO;
				CLANG_ANALYZER_NONNULL = YES;
				CLANG_ANALYZER_NUMBER_OBJECT_CONVERSION = YES_AGGRESSIVE;
				CLANG_CXX_LANGUAGE_STANDARD = "gnu++14";
				CLANG_CXX_LIBRARY = "libc++";
				CLANG_ENABLE_MODULES = YES;
				CLANG_ENABLE_OBJC_ARC = YES;
				CLANG_ENABLE_OBJC_WEAK = YES;
				CLANG_WARN_BLOCK_CAPTURE_AUTORELEASING = YES;
				CLANG_WARN_BOOL_CONVERSION = YES;
				CLANG_WARN_COMMA = YES;
				CLANG_WARN_CONSTANT_CONVERSION = YES;
				CLANG_WARN_DEPRECATED_OBJC_IMPLEMENTATIONS = YES;
				CLANG_WARN_DIRECT_OBJC_ISA_USAGE = YES_ERROR;
				CLANG_WARN_DOCUMENTATION_COMMENTS = YES;
				CLANG_WARN_EMPTY_BODY = YES;
				CLANG_WARN_ENUM_CONVERSION = YES;
				CLANG_WARN_INFINITE_RECURSION = YES;
				CLANG_WARN_INT_CONVERSION = YES;
				CLANG_WARN_NON_LITERAL_NULL_CONVERSION = YES;
				CLANG_WARN_OBJC_IMPLICIT_RETAIN_SELF = YES;
				CLANG_WARN_OBJC_LITERAL_CONVERSION = YES;
				CLANG_WARN_OBJC_ROOT_CLASS = YES_ERROR;
				CLANG_WARN_RANGE_LOOP_ANALYSIS = YES;
				CLANG_WARN_STRICT_PROTOTYPES = YES;
				CLANG_WARN_SUSPICIOUS_MOVE = YES;
				CLANG_WARN_UNGUARDED_AVAILABILITY = YES_AGGRESSIVE;
				CLANG_WARN_UNREACHABLE_CODE = YES;
				CLANG_WARN__DUPLICATE_METHOD_MATCH = YES;
				CODE_SIGN_IDENTITY = "iPhone Developer";
				COPY_PHASE_STRIP = NO;
				DEBUG_INFORMATION_FORMAT = "dwarf-with-dsym";
				ENABLE_NS_ASSERTIONS = NO;
				ENABLE_STRICT_OBJC_MSGSEND = YES;
				GCC_C_LANGUAGE_STANDARD = gnu11;
				GCC_NO_COMMON_BLOCKS = YES;
				GCC_WARN_64_TO_32_BIT_CONVERSION = YES;
				GCC_WARN_ABOUT_RETURN_TYPE = YES_ERROR;
				GCC_WARN_UNDECLARED_SELECTOR = YES;
				GCC_WARN_UNINITIALIZED_AUTOS = YES_AGGRESSIVE;
				GCC_WARN_UNUSED_FUNCTION = YES;
				GCC_WARN_UNUSED_VARIABLE = YES;
				IPHONEOS_DEPLOYMENT_TARGET = 12.2;
				MTL_ENABLE_DEBUG_INFO = NO;
				MTL_FAST_MATH = YES;
				SDKROOT = iphoneos;
				SWIFT_COMPILATION_MODE = wholemodule;
				SWIFT_OPTIMIZATION_LEVEL = "-O";
				VALIDATE_PRODUCT = YES;
			};
			name = Release;
		};
		587A507E22DB14620010781F /* Debug */ = {
			isa = XCBuildConfiguration;
			baseConfigurationReference = A904FF7F43AE016EF6B5E3DC /* Pods-Cookivan.debug.xcconfig */;
			buildSettings = {
				ASSETCATALOG_COMPILER_APPICON_NAME = AppIcon;
				CODE_SIGN_STYLE = Automatic;
				DEVELOPMENT_TEAM = QKHU8FT2PB;
				INFOPLIST_FILE = Cookivan/Info.plist;
				IPHONEOS_DEPLOYMENT_TARGET = 12.0;
				LD_RUNPATH_SEARCH_PATHS = (
					"$(inherited)",
					"@executable_path/Frameworks",
				);
				PRODUCT_BUNDLE_IDENTIFIER = com.angelinafriz.Cookivan;
				PRODUCT_NAME = "$(TARGET_NAME)";
				SWIFT_VERSION = 5.0;
				TARGETED_DEVICE_FAMILY = "1,2";
			};
			name = Debug;
		};
		587A507F22DB14620010781F /* Release */ = {
			isa = XCBuildConfiguration;
			baseConfigurationReference = 4AF2B2CAD49453F6D5568EF2 /* Pods-Cookivan.release.xcconfig */;
			buildSettings = {
				ASSETCATALOG_COMPILER_APPICON_NAME = AppIcon;
				CODE_SIGN_STYLE = Automatic;
				DEVELOPMENT_TEAM = QKHU8FT2PB;
				INFOPLIST_FILE = Cookivan/Info.plist;
				IPHONEOS_DEPLOYMENT_TARGET = 12.0;
				LD_RUNPATH_SEARCH_PATHS = (
					"$(inherited)",
					"@executable_path/Frameworks",
				);
				PRODUCT_BUNDLE_IDENTIFIER = com.angelinafriz.Cookivan;
				PRODUCT_NAME = "$(TARGET_NAME)";
				SWIFT_VERSION = 5.0;
				TARGETED_DEVICE_FAMILY = "1,2";
			};
			name = Release;
		};
		587A508122DB14620010781F /* Debug */ = {
			isa = XCBuildConfiguration;
			baseConfigurationReference = F1383F012B0EE7D24F5650A9 /* Pods-CookivanTests.debug.xcconfig */;
			buildSettings = {
				ALWAYS_EMBED_SWIFT_STANDARD_LIBRARIES = YES;
				BUNDLE_LOADER = "$(TEST_HOST)";
				CODE_SIGN_STYLE = Automatic;
				DEVELOPMENT_TEAM = QKHU8FT2PB;
				INFOPLIST_FILE = CookivanTests/Info.plist;
				LD_RUNPATH_SEARCH_PATHS = (
					"$(inherited)",
					"@executable_path/Frameworks",
					"@loader_path/Frameworks",
				);
				PRODUCT_BUNDLE_IDENTIFIER = com.angelinafriz.CookivanTests;
				PRODUCT_NAME = "$(TARGET_NAME)";
				SWIFT_VERSION = 5.0;
				TARGETED_DEVICE_FAMILY = "1,2";
				TEST_HOST = "$(BUILT_PRODUCTS_DIR)/Cookivan.app/Cookivan";
			};
			name = Debug;
		};
		587A508222DB14620010781F /* Release */ = {
			isa = XCBuildConfiguration;
			baseConfigurationReference = 5ADEEE16A48CE6636160E159 /* Pods-CookivanTests.release.xcconfig */;
			buildSettings = {
				ALWAYS_EMBED_SWIFT_STANDARD_LIBRARIES = YES;
				BUNDLE_LOADER = "$(TEST_HOST)";
				CODE_SIGN_STYLE = Automatic;
				DEVELOPMENT_TEAM = QKHU8FT2PB;
				INFOPLIST_FILE = CookivanTests/Info.plist;
				LD_RUNPATH_SEARCH_PATHS = (
					"$(inherited)",
					"@executable_path/Frameworks",
					"@loader_path/Frameworks",
				);
				PRODUCT_BUNDLE_IDENTIFIER = com.angelinafriz.CookivanTests;
				PRODUCT_NAME = "$(TARGET_NAME)";
				SWIFT_VERSION = 5.0;
				TARGETED_DEVICE_FAMILY = "1,2";
				TEST_HOST = "$(BUILT_PRODUCTS_DIR)/Cookivan.app/Cookivan";
			};
			name = Release;
		};
		587A508422DB14620010781F /* Debug */ = {
			isa = XCBuildConfiguration;
			baseConfigurationReference = 3DF7ACEF5E4F4BABEC23C5DE /* Pods-CookivanUITests.debug.xcconfig */;
			buildSettings = {
				ALWAYS_EMBED_SWIFT_STANDARD_LIBRARIES = YES;
				CODE_SIGN_STYLE = Automatic;
				DEVELOPMENT_TEAM = QKHU8FT2PB;
				INFOPLIST_FILE = CookivanUITests/Info.plist;
				LD_RUNPATH_SEARCH_PATHS = (
					"$(inherited)",
					"@executable_path/Frameworks",
					"@loader_path/Frameworks",
				);
				PRODUCT_BUNDLE_IDENTIFIER = com.angelinafriz.CookivanUITests;
				PRODUCT_NAME = "$(TARGET_NAME)";
				SWIFT_VERSION = 5.0;
				TARGETED_DEVICE_FAMILY = "1,2";
				TEST_TARGET_NAME = Cookivan;
			};
			name = Debug;
		};
		587A508522DB14620010781F /* Release */ = {
			isa = XCBuildConfiguration;
			baseConfigurationReference = AD2B47C286B3287C3D9E9C13 /* Pods-CookivanUITests.release.xcconfig */;
			buildSettings = {
				ALWAYS_EMBED_SWIFT_STANDARD_LIBRARIES = YES;
				CODE_SIGN_STYLE = Automatic;
				DEVELOPMENT_TEAM = QKHU8FT2PB;
				INFOPLIST_FILE = CookivanUITests/Info.plist;
				LD_RUNPATH_SEARCH_PATHS = (
					"$(inherited)",
					"@executable_path/Frameworks",
					"@loader_path/Frameworks",
				);
				PRODUCT_BUNDLE_IDENTIFIER = com.angelinafriz.CookivanUITests;
				PRODUCT_NAME = "$(TARGET_NAME)";
				SWIFT_VERSION = 5.0;
				TARGETED_DEVICE_FAMILY = "1,2";
				TEST_TARGET_NAME = Cookivan;
			};
			name = Release;
		};
/* End XCBuildConfiguration section */

/* Begin XCConfigurationList section */
		587A505022DB14600010781F /* Build configuration list for PBXProject "Cookivan" */ = {
			isa = XCConfigurationList;
			buildConfigurations = (
				587A507B22DB14620010781F /* Debug */,
				587A507C22DB14620010781F /* Release */,
			);
			defaultConfigurationIsVisible = 0;
			defaultConfigurationName = Release;
		};
		587A507D22DB14620010781F /* Build configuration list for PBXNativeTarget "Cookivan" */ = {
			isa = XCConfigurationList;
			buildConfigurations = (
				587A507E22DB14620010781F /* Debug */,
				587A507F22DB14620010781F /* Release */,
			);
			defaultConfigurationIsVisible = 0;
			defaultConfigurationName = Release;
		};
		587A508022DB14620010781F /* Build configuration list for PBXNativeTarget "CookivanTests" */ = {
			isa = XCConfigurationList;
			buildConfigurations = (
				587A508122DB14620010781F /* Debug */,
				587A508222DB14620010781F /* Release */,
			);
			defaultConfigurationIsVisible = 0;
			defaultConfigurationName = Release;
		};
		587A508322DB14620010781F /* Build configuration list for PBXNativeTarget "CookivanUITests" */ = {
			isa = XCConfigurationList;
			buildConfigurations = (
				587A508422DB14620010781F /* Debug */,
				587A508522DB14620010781F /* Release */,
			);
			defaultConfigurationIsVisible = 0;
			defaultConfigurationName = Release;
		};
/* End XCConfigurationList section */
	};
	rootObject = 587A504D22DB14600010781F /* Project object */;
}
